PODS:
  - Capacitor (8.0.0):
    - CapacitorCordova
  - CapacitorCordova (8.0.0)
  - CapgoCapacitorHealth (8.2.0):
    - Capacitor

DEPENDENCIES:
  - "Capacitor (from `../../node_modules/@capacitor/ios`)"
  - "CapacitorCordova (from `../../node_modules/@capacitor/ios`)"
  - "CapgoCapacitorHealth (from `../../node_modules/@capgo/capacitor-health`)"

EXTERNAL SOURCES:
  Capacitor:
    :path: "../../node_modules/@capacitor/ios"
  CapacitorCordova:
    :path: "../../node_modules/@capacitor/ios"
  CapgoCapacitorHealth:
    :path: "../../node_modules/@capgo/capacitor-health"

SPEC CHECKSUMS:
  Capacitor: 341ff7cf652ec695d1a8ebf604db448ac7b6d635
  CapacitorCordova: 5dc3912d25ef770a3fe0f431bb65c9fbfa2e92f9
  CapgoCapacitorHealth: e11563cd878613fa17eeaa54c9d3ef339c121e05

PODFILE CHECKSUM: db11f9e2936499aa46b82c41cc67f83174f3041a

COCOAPODS: 1.16.2
